{
    "_readme": [
        "This file locks the dependencies of your project to a known state",
        "Read more about it at https://getcomposer.org/doc/01-basic-usage.md#composer-lock-the-lock-file",
        "This file is @generated automatically"
    ],
    "hash": "bec45d469f6a9be09fe661a13a264e54",
    "content-hash": "392aefb80a7f29b2dd4e2c7f8afc79bf",
    "packages": [
        {
            "name": "filp/whoops",
            "version": "2.0.0",
            "source": {
                "type": "git",
                "url": "https://github.com/filp/whoops.git",
                "reference": "a327942c50cbd62b25c6fbe08f173031ce25fbff"
            },
            "dist": {
                "type": "zip",
                "url": "https://api.github.com/repos/filp/whoops/zipball/a327942c50cbd62b25c6fbe08f173031ce25fbff",
                "reference": "a327942c50cbd62b25c6fbe08f173031ce25fbff",
                "shasum": ""
            },
            "require": {
                "php": ">=5.5.9"
            },
            "require-dev": {
                "mockery/mockery": "0.9.*",
                "phpunit/phpunit": "^4.8 || ^5.0"
            },
            "suggest": {
                "symfony/var-dumper": "Pretty print complex values better with var-dumper available",
                "whoops/soap": "Formats errors as SOAP responses"
            },
            "type": "library",
            "extra": {
                "branch-alias": {
                    "dev-master": "2.0-dev"
                }
            },
            "autoload": {
                "psr-4": {
                    "Whoops\\": "src/Whoops/"
                }
            },
            "notification-url": "https://packagist.org/downloads/",
            "license": [
                "MIT"
            ],
            "authors": [
                {
                    "name": "Filipe Dobreira",
                    "homepage": "https://github.com/filp",
                    "role": "Developer"
                }
            ],
            "description": "php error handling for cool kids",
            "homepage": "https://github.com/filp/whoops",
            "keywords": [
                "error",
                "exception",
                "handling",
                "library",
                "whoops",
                "zf2"
            ],
            "time": "2016-01-06 17:51:21"
        },
        {
            "name": "mustache/mustache",
            "version": "v2.9.0",
            "source": {
                "type": "git",
                "url": "https://github.com/bobthecow/mustache.php.git",
                "reference": "c745b01956caf27d26b55a72a90aff56bc169cd6"
            },
            "dist": {
                "type": "zip",
                "url": "https://api.github.com/repos/bobthecow/mustache.php/zipball/c745b01956caf27d26b55a72a90aff56bc169cd6",
                "reference": "c745b01956caf27d26b55a72a90aff56bc169cd6",
                "shasum": ""
            },
            "require": {
                "php": ">=5.2.4"
            },
            "require-dev": {
                "fabpot/php-cs-fixer": "~1.6",
                "phpunit/phpunit": "~3.7|~4.0"
            },
            "type": "library",
            "autoload": {
                "psr-0": {
                    "Mustache": "src/"
                }
            },
            "notification-url": "https://packagist.org/downloads/",
            "license": [
                "MIT"
            ],
            "authors": [
                {
                    "name": "Justin Hileman",
                    "email": "justin@justinhileman.info",
                    "homepage": "http://justinhileman.com"
                }
            ],
            "description": "A Mustache implementation in PHP.",
            "homepage": "https://github.com/bobthecow/mustache.php",
            "keywords": [
                "mustache",
                "templating"
            ],
            "time": "2015-08-15 19:23:13"
        },
        {
            "name": "nikic/fast-route",
            "version": "v0.7.0",
            "source": {
                "type": "git",
                "url": "https://github.com/nikic/FastRoute.git",
                "reference": "8164b4a0d8afde4eae5f1bfc39084972ba23ad36"
            },
            "dist": {
                "type": "zip",
                "url": "https://api.github.com/repos/nikic/FastRoute/zipball/8164b4a0d8afde4eae5f1bfc39084972ba23ad36",
                "reference": "8164b4a0d8afde4eae5f1bfc39084972ba23ad36",
                "shasum": ""
            },
            "require": {
                "php": ">=5.4.0"
            },
            "type": "library",
            "autoload": {
                "psr-4": {
                    "FastRoute\\": "src/"
                },
                "files": [
                    "src/functions.php"
                ]
            },
            "notification-url": "https://packagist.org/downloads/",
            "license": [
                "BSD-3-Clause"
            ],
            "authors": [
                {
                    "name": "Nikita Popov",
                    "email": "nikic@php.net"
                }
            ],
            "description": "Fast request router for PHP",
            "keywords": [
                "router",
                "routing"
            ],
            "time": "2015-12-20 19:50:12"
        },
        {
            "name": "patricklouys/http",
            "version": "v1.3.0",
            "source": {
                "type": "git",
                "url": "https://github.com/PatrickLouys/http.git",
                "reference": "d4acbd2838edfbe346ad0999fe55c9e8039e9b91"
            },
            "dist": {
                "type": "zip",
                "url": "https://api.github.com/repos/PatrickLouys/http/zipball/d4acbd2838edfbe346ad0999fe55c9e8039e9b91",
                "reference": "d4acbd2838edfbe346ad0999fe55c9e8039e9b91",
                "shasum": ""
            },
            "require": {
                "php": ">=5.5.0"
            },
            "require-dev": {
                "phpunit/phpunit": "4.0.*"
            },
            "type": "library",
            "autoload": {
                "psr-4": {
                    "Http\\": "src/"
                }
            },
            "notification-url": "https://packagist.org/downloads/",
            "license": [
                "MIT"
            ],
            "authors": [
                {
                    "name": "Patrick Louys",
                    "email": "patrick@louys.ch",
                    "role": "Creator / Main Developer"
                }
            ],
            "description": "HTTP Component",
            "keywords": [
                "http",
                "request",
                "response"
            ],
            "time": "2015-11-10 16:45:39"
        },
        {
            "name": "rdlowrey/auryn",
            "version": "v1.1.0",
            "source": {
                "type": "git",
                "url": "https://github.com/rdlowrey/auryn.git",
                "reference": "d6e03a7026a1724965c921f4fbd8351ab8f0a9f1"
            },
            "dist": {
                "type": "zip",
                "url": "https://api.github.com/repos/rdlowrey/auryn/zipball/d6e03a7026a1724965c921f4fbd8351ab8f0a9f1",
                "reference": "d6e03a7026a1724965c921f4fbd8351ab8f0a9f1",
                "shasum": ""
            },
            "require": {
                "php": ">=5.3.0"
            },
            "require-dev": {
                "athletic/athletic": "~0.1",
                "fabpot/php-cs-fixer": "~1.9",
                "phpunit/phpunit": "^4.7"
            },
            "type": "library",
            "autoload": {
                "psr-4": {
                    "Auryn\\": "lib/"
                }
            },
            "notification-url": "https://packagist.org/downloads/",
            "license": [
                "MIT"
            ],
            "authors": [
                {
                    "name": "Dan Ackroyd",
                    "email": "Danack@basereality.com",
                    "homepage": "http://www.basereality.com",
                    "role": "Developer"
                },
                {
                    "name": "Levi Morrison",
                    "email": "levim@php.net",
                    "homepage": "http://morrisonlevi.github.com/",
                    "role": "Developer"
                },
                {
                    "name": "Daniel Lowrey",
                    "email": "rdlowrey@gmail.com",
                    "homepage": "https://github.com/rdlowrey",
                    "role": "Creator / Main Developer"
                }
            ],
            "description": "Auryn is a dependency injector for bootstrapping object-oriented PHP applications.",
            "homepage": "https://github.com/rdlowrey/auryn",
            "keywords": [
                "dependency injection",
                "dic",
                "ioc"
            ],
            "time": "2015-12-09 16:44:14"
        }
    ],
    "packages-dev": [
        {
            "name": "symfony/options-resolver",
            "version": "v2.8.2",
            "source": {
                "type": "git",
                "url": "https://github.com/symfony/options-resolver.git",
                "reference": "b98ca04f85240531b9ea8a0f00a21f2ecfbdfa51"
            },
            "dist": {
                "type": "zip",
                "url": "https://api.github.com/repos/symfony/options-resolver/zipball/b98ca04f85240531b9ea8a0f00a21f2ecfbdfa51",
                "reference": "b98ca04f85240531b9ea8a0f00a21f2ecfbdfa51",
                "shasum": ""
            },
            "require": {
                "php": ">=5.3.9"
            },
            "type": "library",
            "extra": {
                "branch-alias": {
                    "dev-master": "2.8-dev"
                }
            },
            "autoload": {
                "psr-4": {
                    "Symfony\\Component\\OptionsResolver\\": ""
                },
                "exclude-from-classmap": [
                    "/Tests/"
                ]
            },
            "notification-url": "https://packagist.org/downloads/",
            "license": [
                "MIT"
            ],
            "authors": [
                {
                    "name": "Fabien Potencier",
                    "email": "fabien@symfony.com"
                },
                {
                    "name": "Symfony Community",
                    "homepage": "https://symfony.com/contributors"
                }
            ],
            "description": "Symfony OptionsResolver Component",
            "homepage": "https://symfony.com",
            "keywords": [
                "config",
                "configuration",
                "options"
            ],
            "time": "2016-01-03 15:33:41"
        },
        {
            "name": "wsdl2phpgenerator/wsdl2phpgenerator",
            "version": "3.3.1",
            "source": {
                "type": "git",
                "url": "https://github.com/wsdl2phpgenerator/wsdl2phpgenerator.git",
                "reference": "eb1396555e11cc2cda899514f439efae7dd498c1"
            },
            "dist": {
                "type": "zip",
                "url": "https://api.github.com/repos/wsdl2phpgenerator/wsdl2phpgenerator/zipball/eb1396555e11cc2cda899514f439efae7dd498c1",
                "reference": "eb1396555e11cc2cda899514f439efae7dd498c1",
                "shasum": ""
            },
            "require": {
                "ext-soap": "*",
                "php": ">=5.3.0",
                "symfony/options-resolver": "~2.6"
            },
            "require-dev": {
                "kasperg/phing-github": "0.2.*",
                "phing/phing": "~2.7",
                "php-vcr/php-vcr": "~1.2",
                "php-vcr/phpunit-testlistener-vcr": "~1.1.2",
                "phpunit/phpunit": "~4.4",
                "psr/log": "~1.0",
                "symfony/yaml": "~2.1"
            },
            "type": "library",
            "autoload": {
                "psr-4": {
                    "Wsdl2PhpGenerator\\": [
                        "src/",
                        "lib/"
                    ]
                }
            },
            "notification-url": "https://packagist.org/downloads/",
            "license": [
                "MIT"
            ],
            "description": "Simple class library for generating php classes from a wsdl file.",
            "keywords": [
                "soap",
                "wsdl"
            ],
            "time": "2016-01-13 13:00:24"
        }
    ],
    "aliases": [],
    "minimum-stability": "stable",
    "stability-flags": [],
    "prefer-stable": false,
    "prefer-lowest": false,
    "platform": {
        "php": ">=5.5.0"
    },
    "platform-dev": []
}
